// !$*UTF8*$!
{
	archiveVersion = 1;
	classes = {
	};
	objectVersion = 46;
	objects = {

/* Begin PBXBuildFile section */
		F1C813341D94145600542343 /* Svelte-Info.plist in Resources */ = {isa = PBXBuildFile; fileRef = F1C813331D94145600542343 /* Svelte-Info.plist */; };
		F1C813361D94146100542343 /* Svelte.nib in Resources */ = {isa = PBXBuildFile; fileRef = F1C813351D94146100542343 /* Svelte.nib */; };
		F1C813391D94146E00542343 /* SvelteVisualizer.m in Sources */ = {isa = PBXBuildFile; fileRef = F1C813381D94146E00542343 /* SvelteVisualizer.m */; };
		F1C8133C1D9414D600542343 /* KCVisualizer.framework in Frameworks */ = {isa = PBXBuildFile; fileRef = F1C8133B1D9414D600542343 /* KCVisualizer.framework */; };
		F1C8133F1D94158200542343 /* NSBezierPath+RoundedRect.m in Sources */ = {isa = PBXBuildFile; fileRef = F1C8133D1D94158200542343 /* NSBezierPath+RoundedRect.m */; };
/* End PBXBuildFile section */

/* Begin PBXFileReference section */
		F1C813221D94131F00542343 /* Svelte.kcplugin */ = {isa = PBXFileReference; explicitFileType = wrapper.cfbundle; includeInIndex = 0; path = Svelte.kcplugin; sourceTree = BUILT_PRODUCTS_DIR; };
		F1C813331D94145600542343 /* Svelte-Info.plist */ = {isa = PBXFileReference; fileEncoding = 4; lastKnownFileType = text.plist.xml; path = "Svelte-Info.plist"; sourceTree = "<group>"; };
		F1C813351D94146100542343 /* Svelte.nib */ = {isa = PBXFileReference; lastKnownFileType = wrapper.nib; path = Svelte.nib; sourceTree = "<group>"; };
		F1C813371D94146E00542343 /* SvelteVisualizer.h */ = {isa = PBXFileReference; fileEncoding = 4; lastKnownFileType = sourcecode.c.h; path = SvelteVisualizer.h; sourceTree = "<group>"; };
		F1C813381D94146E00542343 /* SvelteVisualizer.m */ = {isa = PBXFileReference; fileEncoding = 4; lastKnownFileType = sourcecode.c.objc; path = SvelteVisualizer.m; sourceTree = "<group>"; };
		F1C8133B1D9414D600542343 /* KCVisualizer.framework */ = {isa = PBXFileReference; lastKnownFileType = wrapper.framework; name = KCVisualizer.framework; path = "../../../../../Library/Developer/Xcode/DerivedData/KeyCastr-aeelrkunrgclpfcgayfywrjhusyo/Build/Products/Debug/KCVisualizer.framework"; sourceTree = "<group>"; };
		F1C8133D1D94158200542343 /* NSBezierPath+RoundedRect.m */ = {isa = PBXFileReference; fileEncoding = 4; lastKnownFileType = sourcecode.c.objc; path = "NSBezierPath+RoundedRect.m"; sourceTree = "<group>"; };
		F1C8133E1D94158200542343 /* NSBezierPath+RoundedRect.h */ = {isa = PBXFileReference; fileEncoding = 4; lastKnownFileType = sourcecode.c.h; path = "NSBezierPath+RoundedRect.h"; sourceTree = "<group>"; };
/* End PBXFileReference section */

/* Begin PBXFrameworksBuildPhase section */
		F1C8131F1D94131F00542343 /* Frameworks */ = {
			isa = PBXFrameworksBuildPhase;
			buildActionMask = 2147483647;
			files = (
				F1C8133C1D9414D600542343 /* KCVisualizer.framework in Frameworks */,
			);
			runOnlyForDeploymentPostprocessing = 0;
		};
/* End PBXFrameworksBuildPhase section */

/* Begin PBXGroup section */
		F1C813191D94131F00542343 = {
			isa = PBXGroup;
			children = (
				F1C813331D94145600542343 /* Svelte-Info.plist */,
				F1C813351D94146100542343 /* Svelte.nib */,
				F1C813371D94146E00542343 /* SvelteVisualizer.h */,
				F1C813381D94146E00542343 /* SvelteVisualizer.m */,
				F1C8133D1D94158200542343 /* NSBezierPath+RoundedRect.m */,
				F1C8133E1D94158200542343 /* NSBezierPath+RoundedRect.h */,
				F1C813231D94131F00542343 /* Products */,
				F1C8133A1D9414D600542343 /* Frameworks */,
			);
			sourceTree = "<group>";
		};
		F1C813231D94131F00542343 /* Products */ = {
			isa = PBXGroup;
			children = (
				F1C813221D94131F00542343 /* Svelte.kcplugin */,
			);
			name = Products;
			sourceTree = "<group>";
		};
		F1C8133A1D9414D600542343 /* Frameworks */ = {
			isa = PBXGroup;
			children = (
				F1C8133B1D9414D600542343 /* KCVisualizer.framework */,
			);
			name = Frameworks;
			sourceTree = "<group>";
		};
/* End PBXGroup section */

/* Begin PBXNativeTarget section */
		F1C813211D94131F00542343 /* Svelte */ = {
			isa = PBXNativeTarget;
			buildConfigurationList = F1C813281D94131F00542343 /* Build configuration list for PBXNativeTarget "Svelte" */;
			buildPhases = (
				F1C8131E1D94131F00542343 /* Sources */,
				F1C8131F1D94131F00542343 /* Frameworks */,
				F1C813201D94131F00542343 /* Resources */,
			);
			buildRules = (
			);
			dependencies = (
			);
			name = Svelte;
			productName = keycastr.visualizer.svelte;
			productReference = F1C813221D94131F00542343 /* Svelte.kcplugin */;
			productType = "com.apple.product-type.bundle";
		};
/* End PBXNativeTarget section */

/* Begin PBXProject section */
		F1C8131A1D94131F00542343 /* Project object */ = {
			isa = PBXProject;
			attributes = {
				LastUpgradeCheck = 0800;
				TargetAttributes = {
					F1C813211D94131F00542343 = {
						CreatedOnToolsVersion = 8.0;
						ProvisioningStyle = Automatic;
					};
				};
			};
			buildConfigurationList = F1C8131D1D94131F00542343 /* Build configuration list for PBXProject "Svelte" */;
			compatibilityVersion = "Xcode 3.2";
			developmentRegion = English;
			hasScannedForEncodings = 0;
			knownRegions = (
				en,
			);
			mainGroup = F1C813191D94131F00542343;
			productRefGroup = F1C813231D94131F00542343 /* Products */;
			projectDirPath = "";
			projectRoot = "";
			targets = (
				F1C813211D94131F00542343 /* Svelte */,
			);
		};
/* End PBXProject section */

/* Begin PBXResourcesBuildPhase section */
		F1C813201D94131F00542343 /* Resources */ = {
			isa = PBXResourcesBuildPhase;
			buildActionMask = 2147483647;
			files = (
				F1C813361D94146100542343 /* Svelte.nib in Resources */,
				F1C813341D94145600542343 /* Svelte-Info.plist in Resources */,
			);
			runOnlyForDeploymentPostprocessing = 0;
		};
/* End PBXResourcesBuildPhase section */

/* Begin PBXSourcesBuildPhase section */
		F1C8131E1D94131F00542343 /* Sources */ = {
			isa = PBXSourcesBuildPhase;
			buildActionMask = 2147483647;
			files = (
				F1C8133F1D94158200542343 /* NSBezierPath+RoundedRect.m in Sources */,
				F1C813391D94146E00542343 /* SvelteVisualizer.m in Sources */,
			);
			runOnlyForDeploymentPostprocessing = 0;
		};
/* End PBXSourcesBuildPhase section */

/* Begin XCBuildConfiguration section */
		F1C813261D94131F00542343 /* Debug */ = {
			isa = XCBuildConfiguration;
			buildSettings = {
				ALWAYS_SEARCH_USER_PATHS = NO;
				ARCHS = "$(ARCHS_STANDARD_32_BIT)";
				CLANG_ANALYZER_NONNULL = YES;
				CLANG_CXX_LANGUAGE_STANDARD = "gnu++0x";
				CLANG_CXX_LIBRARY = "libc++";
				CLANG_ENABLE_MODULES = YES;
				CLANG_WARN_BOOL_CONVERSION = YES;
				CLANG_WARN_CONSTANT_CONVERSION = YES;
				CLANG_WARN_DIRECT_OBJC_ISA_USAGE = YES_ERROR;
				CLANG_WARN_DOCUMENTATION_COMMENTS = YES;
				CLANG_WARN_EMPTY_BODY = YES;
				CLANG_WARN_ENUM_CONVERSION = YES;
				CLANG_WARN_INFINITE_RECURSION = YES;
				CLANG_WARN_INT_CONVERSION = YES;
				CLANG_WARN_OBJC_ROOT_CLASS = YES_ERROR;
				CLANG_WARN_SUSPICIOUS_MOVES = YES;
				CLANG_WARN_UNREACHABLE_CODE = YES;
				CLANG_WARN__DUPLICATE_METHOD_MATCH = YES;
				CODE_SIGN_IDENTITY = "-";
				COPY_PHASE_STRIP = NO;
				DEBUG_INFORMATION_FORMAT = dwarf;
				ENABLE_STRICT_OBJC_MSGSEND = YES;
				ENABLE_TESTABILITY = YES;
				GCC_C_LANGUAGE_STANDARD = gnu99;
				GCC_DYNAMIC_NO_PIC = NO;
				GCC_NO_COMMON_BLOCKS = YES;
				GCC_OPTIMIZATION_LEVEL = 0;
				GCC_PREPROCESSOR_DEFINITIONS = (
					"DEBUG=1",
					"$(inherited)",
				);
				GCC_WARN_64_TO_32_BIT_CONVERSION = YES;
				GCC_WARN_ABOUT_RETURN_TYPE = YES_ERROR;
				GCC_WARN_UNDECLARED_SELECTOR = YES;
				GCC_WARN_UNINITIALIZED_AUTOS = YES_AGGRESSIVE;
				GCC_WARN_UNUSED_FUNCTION = YES;
				GCC_WARN_UNUSED_VARIABLE = YES;
				MACOSX_DEPLOYMENT_TARGET = 10.11;
				MTL_ENABLE_DEBUG_INFO = YES;
				SDKROOT = macosx;
			};
			name = Debug;
		};
		F1C813271D94131F00542343 /* Release */ = {
			isa = XCBuildConfiguration;
			buildSettings = {
				ALWAYS_SEARCH_USER_PATHS = NO;
				ARCHS = "$(ARCHS_STANDARD_32_BIT)";
				CLANG_ANALYZER_NONNULL = YES;
				CLANG_CXX_LANGUAGE_STANDARD = "gnu++0x";
				CLANG_CXX_LIBRARY = "libc++";
				CLANG_ENABLE_MODULES = YES;
				CLANG_WARN_BOOL_CONVERSION = YES;
				CLANG_WARN_CONSTANT_CONVERSION = YES;
				CLANG_WARN_DIRECT_OBJC_ISA_USAGE = YES_ERROR;
				CLANG_WARN_DOCUMENTATION_COMMENTS = YES;
				CLANG_WARN_EMPTY_BODY = YES;
				CLANG_WARN_ENUM_CONVERSION = YES;
				CLANG_WARN_INFINITE_RECURSION = YES;
				CLANG_WARN_INT_CONVERSION = YES;
				CLANG_WARN_OBJC_ROOT_CLASS = YES_ERROR;
				CLANG_WARN_SUSPICIOUS_MOVES = YES;
				CLANG_WARN_UNREACHABLE_CODE = YES;
				CLANG_WARN__DUPLICATE_METHOD_MATCH = YES;
				CODE_SIGN_IDENTITY = "-";
				COPY_PHASE_STRIP = NO;
				DEBUG_INFORMATION_FORMAT = "dwarf-with-dsym";
				ENABLE_NS_ASSERTIONS = NO;
				ENABLE_STRICT_OBJC_MSGSEND = YES;
				GCC_C_LANGUAGE_STANDARD = gnu99;
				GCC_NO_COMMON_BLOCKS = YES;
				GCC_WARN_64_TO_32_BIT_CONVERSION = YES;
				GCC_WARN_ABOUT_RETURN_TYPE = YES_ERROR;
				GCC_WARN_UNDECLARED_SELECTOR = YES;
				GCC_WARN_UNINITIALIZED_AUTOS = YES_AGGRESSIVE;
				GCC_WARN_UNUSED_FUNCTION = YES;
				GCC_WARN_UNUSED_VARIABLE = YES;
				MACOSX_DEPLOYMENT_TARGET = 10.11;
				MTL_ENABLE_DEBUG_INFO = NO;
				SDKROOT = macosx;
			};
			name = Release;
		};
		F1C813291D94131F00542343 /* Debug */ = {
			isa = XCBuildConfiguration;
			buildSettings = {
				COMBINE_HIDPI_IMAGES = YES;
				INFOPLIST_FILE = "Svelte-Info.plist";
				INSTALL_PATH = "$(LOCAL_LIBRARY_DIR)/Bundles";
				PRODUCT_BUNDLE_IDENTIFIER = net.stephendeken.keycastr.svelte;
				PRODUCT_NAME = "$(TARGET_NAME)";
				SKIP_INSTALL = YES;
				WRAPPER_EXTENSION = kcplugin;
			};
			name = Debug;
		};
		F1C8132A1D94131F00542343 /* Release */ = {
			isa = XCBuildConfiguration;
			buildSettings = {
				COMBINE_HIDPI_IMAGES = YES;
				INFOPLIST_FILE = "Svelte-Info.plist";
				INSTALL_PATH = "$(LOCAL_LIBRARY_DIR)/Bundles";
				PRODUCT_BUNDLE_IDENTIFIER = net.stephendeken.keycastr.svelte;
				PRODUCT_NAME = "$(TARGET_NAME)";
				SKIP_INSTALL = YES;
				WRAPPER_EXTENSION = kcplugin;
			};
			name = Release;
		};
/* End XCBuildConfiguration section */

/* Begin XCConfigurationList section */
		F1C8131D1D94131F00542343 /* Build configuration list for PBXProject "Svelte" */ = {
			isa = XCConfigurationList;
			buildConfigurations = (
				F1C813261D94131F00542343 /* Debug */,
				F1C813271D94131F00542343 /* Release */,
			);
			defaultConfigurationIsVisible = 0;
			defaultConfigurationName = Release;
		};
		F1C813281D94131F00542343 /* Build configuration list for PBXNativeTarget "Svelte" */ = {
			isa = XCConfigurationList;
			buildConfigurations = (
				F1C813291D94131F00542343 /* Debug */,
				F1C8132A1D94131F00542343 /* Release */,
			);
			defaultConfigurationIsVisible = 0;
			defaultConfigurationName = Release;
		};
/* End XCConfigurationList section */
	};
	rootObject = F1C8131A1D94131F00542343 /* Project object */;
}
